{
  "name": "close-application",
  "lockfileVersion": 3,
  "requires": true,
  "packages": {
    "": {
      "dependencies": {
        "blake2": "^5.0.1"
      }
    },
    "node_modules/blake2": {
      "version": "5.0.1",
      "resolved": "https://registry.npmjs.org/blake2/-/blake2-5.0.1.tgz",
      "integrity": "sha512-dIg2CknHyB854mKclXtxOx4QSrDLk5+z8IgO9t0NfZcfrUR6d5mNrh89cxn3wTiM2sKm7YkxcWsS+r9zf9sqig==",
      "hasInstallScript": true,
      "license": "ISC",
      "dependencies": {
        "nan": "^2.24.0"
      },
      "engines": {
        "node": ">= 12.0.0"
      }
    },
    "node_modules/nan": {
      "version": "2.27.0",
      "resolved": "https://registry.npmjs.org/nan/-/nan-2.27.0.tgz",
      "integrity": "sha512-hC+0LidcL3XE4rp1C4H54KujgXKzbfyTngZTwBByQxsOxCEKZT0MPQ4hOKUH2jU1OYstqdDH4onyHPDzcV0XdQ==",
      "license": "MIT"
    }
  }
}
